
Microsoft Visual Studio Solution File, Format Version 12.00
# Visual Studio 2013
VisualStudioVersion = 12.0.30501.0
MinimumVisualStudioVersion = 10.0.40219.1
Project("{FAE04EC0-301F-11D3-BF4B-00C04F79EFBC}") = "CoreLR.Translation", "CoreLR.Translation\CoreLR.Translation.csproj", "{207108CE-F950-4CDB-A80E-E0E9FBB63D8F}"
EndProject
Project("{FAE04EC0-301F-11D3-BF4B-00C04F79EFBC}") = "CoreLR.LowLevel", "CoreLR.LowLevel\CoreLR.LowLevel.csproj", "{CF70A447-C498-47D3-AC8F-EE73F0CAB5CE}"
EndProject
Global
	GlobalSection(SolutionConfigurationPlatforms) = preSolution
		Debug|Any CPU = Debug|Any CPU
		Release|Any CPU = Release|Any CPU
	EndGlobalSection
	GlobalSection(ProjectConfigurationPlatforms) = postSolution
		{207108CE-F950-4CDB-A80E-E0E9FBB63D8F}.Debug|Any CPU.ActiveCfg = Debug|Any CPU
		{207108CE-F950-4CDB-A80E-E0E9FBB63D8F}.Debug|Any CPU.Build.0 = Debug|Any CPU
		{207108CE-F950-4CDB-A80E-E0E9FBB63D8F}.Release|Any CPU.ActiveCfg = Release|Any CPU
		{207108CE-F950-4CDB-A80E-E0E9FBB63D8F}.Release|Any CPU.Build.0 = Release|Any CPU
		{CF70A447-C498-47D3-AC8F-EE73F0CAB5CE}.Debug|Any CPU.ActiveCfg = Debug|Any CPU
		{CF70A447-C498-47D3-AC8F-EE73F0CAB5CE}.Debug|Any CPU.Build.0 = Debug|Any CPU
		{CF70A447-C498-47D3-AC8F-EE73F0CAB5CE}.Release|Any CPU.ActiveCfg = Release|Any CPU
		{CF70A447-C498-47D3-AC8F-EE73F0CAB5CE}.Release|Any CPU.Build.0 = Release|Any CPU
	EndGlobalSection
	GlobalSection(SolutionProperties) = preSolution
		HideSolutionNode = FALSE
	EndGlobalSection
EndGlobal
